{
  "name": "shop-classroom",
  "lockfileVersion": 3,
  "requires": true,
  "packages": {
    "": {
      "name": "shop-classroom",
      "dependencies": {
        "@tosspayments/tosspayments-sdk": "^2.8.1",
        "bcryptjs": "^3.0.3"
      }
    },
    "node_modules/@tosspayments/tosspayments-sdk": {
      "version": "2.8.1",
      "resolved": "https://registry.npmjs.org/@tosspayments/tosspayments-sdk/-/tosspayments-sdk-2.8.1.tgz",
      "integrity": "sha512-DE3PPZZQqa/fb972VgDkuSLtj04gqsjAar111adWK18Yf9Ad7Bk6m+9OH5RBtkHdreCgbR/zZfuy6dL1cfveJQ==",
      "license": "MIT"
    },
    "node_modules/bcryptjs": {
      "version": "3.0.3",
      "resolved": "https://registry.npmjs.org/bcryptjs/-/bcryptjs-3.0.3.tgz",
      "integrity": "sha512-GlF5wPWnSa/X5LKM1o0wz0suXIINz1iHRLvTS+sLyi7XPbe5ycmYI3DlZqVGZZtDgl4DmasFg7gOB3JYbphV5g==",
      "license": "BSD-3-Clause",
      "bin": {
        "bcrypt": "bin/bcrypt"
      }
    }
  }
}
